
Microsoft Visual Studio Solution File, Format Version 12.00
# Visual Studio 15
Project("{FAE04EC0-301F-11D3-BF4B-00C04F79EFBC}") = "CrimeAnalyzer", "CrimeAnalyzer\CrimeAnalyzer.csproj", "{3005545B-54AB-47FE-97F4-470DB16D2956}"
EndProject
Global
	GlobalSection(SolutionConfigurationPlatforms) = preSolution
		Debug|Any CPU = Debug|Any CPU
		Release|Any CPU = Release|Any CPU
	EndGlobalSection
	GlobalSection(ProjectConfigurationPlatforms) = postSolution
		{3005545B-54AB-47FE-97F4-470DB16D2956}.Debug|Any CPU.ActiveCfg = Debug|Any CPU
		{3005545B-54AB-47FE-97F4-470DB16D2956}.Debug|Any CPU.Build.0 = Debug|Any CPU
		{3005545B-54AB-47FE-97F4-470DB16D2956}.Release|Any CPU.ActiveCfg = Release|Any CPU
		{3005545B-54AB-47FE-97F4-470DB16D2956}.Release|Any CPU.Build.0 = Release|Any CPU
	EndGlobalSection
EndGlobal
