
Microsoft Visual Studio Solution File, Format Version 12.00
# Visual Studio 15
Project("{FAE04EC0-301F-11D3-BF4B-00C04F79EFBC}") = "CrimeStats", "CrimeStats\CrimeStats.csproj", "{BD5978D6-B2B1-4D09-AC98-3382875B88BA}"
EndProject
Global
	GlobalSection(SolutionConfigurationPlatforms) = preSolution
		Debug|Any CPU = Debug|Any CPU
		Release|Any CPU = Release|Any CPU
	EndGlobalSection
	GlobalSection(ProjectConfigurationPlatforms) = postSolution
		{BD5978D6-B2B1-4D09-AC98-3382875B88BA}.Debug|Any CPU.ActiveCfg = Debug|Any CPU
		{BD5978D6-B2B1-4D09-AC98-3382875B88BA}.Debug|Any CPU.Build.0 = Debug|Any CPU
		{BD5978D6-B2B1-4D09-AC98-3382875B88BA}.Release|Any CPU.ActiveCfg = Release|Any CPU
		{BD5978D6-B2B1-4D09-AC98-3382875B88BA}.Release|Any CPU.Build.0 = Release|Any CPU
	EndGlobalSection
EndGlobal
